
Microsoft Visual Studio Solution File, Format Version 12.00
# Visual Studio 15
VisualStudioVersion = 15.0.27703.2000
MinimumVisualStudioVersion = 10.0.40219.1
Project("{8BC9CEB8-8B4A-11D0-8D11-00A0C91BC942}") = "CmdRpg", "CmdRpg\CmdRpg.vcxproj", "{67514656-FDAA-4BF4-8A69-C0087F863E24}"
EndProject
Global
	GlobalSection(SolutionConfigurationPlatforms) = preSolution
		Debug|x64 = Debug|x64
		Debug|x86 = Debug|x86
		Release|x64 = Release|x64
		Release|x86 = Release|x86
	EndGlobalSection
	GlobalSection(ProjectConfigurationPlatforms) = postSolution
		{67514656-FDAA-4BF4-8A69-C0087F863E24}.Debug|x64.ActiveCfg = Debug|x64
		{67514656-FDAA-4BF4-8A69-C0087F863E24}.Debug|x64.Build.0 = Debug|x64
		{67514656-FDAA-4BF4-8A69-C0087F863E24}.Debug|x86.ActiveCfg = Release|Win32
		{67514656-FDAA-4BF4-8A69-C0087F863E24}.Debug|x86.Build.0 = Release|Win32
		{67514656-FDAA-4BF4-8A69-C0087F863E24}.Release|x64.ActiveCfg = Release|x64
		{67514656-FDAA-4BF4-8A69-C0087F863E24}.Release|x64.Build.0 = Release|x64
		{67514656-FDAA-4BF4-8A69-C0087F863E24}.Release|x86.ActiveCfg = Release|Win32
		{67514656-FDAA-4BF4-8A69-C0087F863E24}.Release|x86.Build.0 = Release|Win32
	EndGlobalSection
	GlobalSection(SolutionProperties) = preSolution
		HideSolutionNode = FALSE
	EndGlobalSection
	GlobalSection(ExtensibilityGlobals) = postSolution
		SolutionGuid = {2AEA6EF4-46B1-4B4E-9FFA-398F35D79431}
	EndGlobalSection
EndGlobal
